
Microsoft Visual Studio Solution File, Format Version 12.00
# Visual Studio 15
VisualStudioVersion = 15.0.26124.0
MinimumVisualStudioVersion = 15.0.26124.0
Project("{FAE04EC0-301F-11D3-BF4B-00C04F79EFBC}") = "DockerFixtures", "src\DockerFixtures\DockerFixtures.csproj", "{57A9272D-12F4-45AA-ABEB-8D4CFD855C0D}"
EndProject
Project("{2150E333-8FDC-42A3-9474-1A3956D46DE8}") = "Tests", "Tests", "{62BF8D76-A3C2-4024-8B77-07D66C40BF94}"
EndProject
Project("{FAE04EC0-301F-11D3-BF4B-00C04F79EFBC}") = "DockerFixtures.Tests", "src\Tests\DockerFixtures.Tests\DockerFixtures.Tests.csproj", "{9F9A2F96-07E7-48BC-92AA-21074DF3708E}"
EndProject
Project("{2150E333-8FDC-42A3-9474-1A3956D46DE8}") = "Containers", "Containers", "{47907A19-6626-46A4-A254-40C563589D28}"
EndProject
Project("{FAE04EC0-301F-11D3-BF4B-00C04F79EFBC}") = "DockerFixtures.Containers.Redis", "src\Containers\DockerFixtures.Containers.Redis\DockerFixtures.Containers.Redis.csproj", "{46C70255-74AB-43E3-B38E-FB876B8C0299}"
EndProject
Project("{2150E333-8FDC-42A3-9474-1A3956D46DE8}") = "Frameworks", "Frameworks", "{25447D5A-B14C-4FE8-9AA9-7D974570DC8A}"
EndProject
Project("{2150E333-8FDC-42A3-9474-1A3956D46DE8}") = "xUnit", "xUnit", "{6049D6E8-5974-45BA-877C-51C5BEAF14BB}"
EndProject
Project("{FAE04EC0-301F-11D3-BF4B-00C04F79EFBC}") = "DockerFixtures.xUnit", "src\Frameworks\xUnit\DockerFixtures.xUnit\DockerFixtures.xUnit.csproj", "{B2E9ED63-4EE4-4C92-996B-8C6DC0A8F304}"
EndProject
Project("{FAE04EC0-301F-11D3-BF4B-00C04F79EFBC}") = "DockerFixtures.xUnit.Redis", "src\Frameworks\xUnit\DockerFixtures.xUnit.Redis\DockerFixtures.xUnit.Redis.csproj", "{1D6C978F-EB3B-465D-A64F-902810447FB1}"
EndProject
Global
	GlobalSection(SolutionConfigurationPlatforms) = preSolution
		Debug|Any CPU = Debug|Any CPU
		Debug|x64 = Debug|x64
		Debug|x86 = Debug|x86
		Release|Any CPU = Release|Any CPU
		Release|x64 = Release|x64
		Release|x86 = Release|x86
	EndGlobalSection
	GlobalSection(SolutionProperties) = preSolution
		HideSolutionNode = FALSE
	EndGlobalSection
	GlobalSection(ProjectConfigurationPlatforms) = postSolution
		{57A9272D-12F4-45AA-ABEB-8D4CFD855C0D}.Debug|Any CPU.ActiveCfg = Debug|Any CPU
		{57A9272D-12F4-45AA-ABEB-8D4CFD855C0D}.Debug|Any CPU.Build.0 = Debug|Any CPU
		{57A9272D-12F4-45AA-ABEB-8D4CFD855C0D}.Debug|x64.ActiveCfg = Debug|Any CPU
		{57A9272D-12F4-45AA-ABEB-8D4CFD855C0D}.Debug|x64.Build.0 = Debug|Any CPU
		{57A9272D-12F4-45AA-ABEB-8D4CFD855C0D}.Debug|x86.ActiveCfg = Debug|Any CPU
		{57A9272D-12F4-45AA-ABEB-8D4CFD855C0D}.Debug|x86.Build.0 = Debug|Any CPU
		{57A9272D-12F4-45AA-ABEB-8D4CFD855C0D}.Release|Any CPU.ActiveCfg = Release|Any CPU
		{57A9272D-12F4-45AA-ABEB-8D4CFD855C0D}.Release|Any CPU.Build.0 = Release|Any CPU
		{57A9272D-12F4-45AA-ABEB-8D4CFD855C0D}.Release|x64.ActiveCfg = Release|Any CPU
		{57A9272D-12F4-45AA-ABEB-8D4CFD855C0D}.Release|x64.Build.0 = Release|Any CPU
		{57A9272D-12F4-45AA-ABEB-8D4CFD855C0D}.Release|x86.ActiveCfg = Release|Any CPU
		{57A9272D-12F4-45AA-ABEB-8D4CFD855C0D}.Release|x86.Build.0 = Release|Any CPU
		{9F9A2F96-07E7-48BC-92AA-21074DF3708E}.Debug|Any CPU.ActiveCfg = Debug|Any CPU
		{9F9A2F96-07E7-48BC-92AA-21074DF3708E}.Debug|Any CPU.Build.0 = Debug|Any CPU
		{9F9A2F96-07E7-48BC-92AA-21074DF3708E}.Debug|x64.ActiveCfg = Debug|Any CPU
		{9F9A2F96-07E7-48BC-92AA-21074DF3708E}.Debug|x64.Build.0 = Debug|Any CPU
		{9F9A2F96-07E7-48BC-92AA-21074DF3708E}.Debug|x86.ActiveCfg = Debug|Any CPU
		{9F9A2F96-07E7-48BC-92AA-21074DF3708E}.Debug|x86.Build.0 = Debug|Any CPU
		{9F9A2F96-07E7-48BC-92AA-21074DF3708E}.Release|Any CPU.ActiveCfg = Release|Any CPU
		{9F9A2F96-07E7-48BC-92AA-21074DF3708E}.Release|Any CPU.Build.0 = Release|Any CPU
		{9F9A2F96-07E7-48BC-92AA-21074DF3708E}.Release|x64.ActiveCfg = Release|Any CPU
		{9F9A2F96-07E7-48BC-92AA-21074DF3708E}.Release|x64.Build.0 = Release|Any CPU
		{9F9A2F96-07E7-48BC-92AA-21074DF3708E}.Release|x86.ActiveCfg = Release|Any CPU
		{9F9A2F96-07E7-48BC-92AA-21074DF3708E}.Release|x86.Build.0 = Release|Any CPU
		{46C70255-74AB-43E3-B38E-FB876B8C0299}.Debug|Any CPU.ActiveCfg = Debug|Any CPU
		{46C70255-74AB-43E3-B38E-FB876B8C0299}.Debug|Any CPU.Build.0 = Debug|Any CPU
		{46C70255-74AB-43E3-B38E-FB876B8C0299}.Debug|x64.ActiveCfg = Debug|Any CPU
		{46C70255-74AB-43E3-B38E-FB876B8C0299}.Debug|x64.Build.0 = Debug|Any CPU
		{46C70255-74AB-43E3-B38E-FB876B8C0299}.Debug|x86.ActiveCfg = Debug|Any CPU
		{46C70255-74AB-43E3-B38E-FB876B8C0299}.Debug|x86.Build.0 = Debug|Any CPU
		{46C70255-74AB-43E3-B38E-FB876B8C0299}.Release|Any CPU.ActiveCfg = Release|Any CPU
		{46C70255-74AB-43E3-B38E-FB876B8C0299}.Release|Any CPU.Build.0 = Release|Any CPU
		{46C70255-74AB-43E3-B38E-FB876B8C0299}.Release|x64.ActiveCfg = Release|Any CPU
		{46C70255-74AB-43E3-B38E-FB876B8C0299}.Release|x64.Build.0 = Release|Any CPU
		{46C70255-74AB-43E3-B38E-FB876B8C0299}.Release|x86.ActiveCfg = Release|Any CPU
		{46C70255-74AB-43E3-B38E-FB876B8C0299}.Release|x86.Build.0 = Release|Any CPU
		{B2E9ED63-4EE4-4C92-996B-8C6DC0A8F304}.Debug|Any CPU.ActiveCfg = Debug|Any CPU
		{B2E9ED63-4EE4-4C92-996B-8C6DC0A8F304}.Debug|Any CPU.Build.0 = Debug|Any CPU
		{B2E9ED63-4EE4-4C92-996B-8C6DC0A8F304}.Debug|x64.ActiveCfg = Debug|Any CPU
		{B2E9ED63-4EE4-4C92-996B-8C6DC0A8F304}.Debug|x64.Build.0 = Debug|Any CPU
		{B2E9ED63-4EE4-4C92-996B-8C6DC0A8F304}.Debug|x86.ActiveCfg = Debug|Any CPU
		{B2E9ED63-4EE4-4C92-996B-8C6DC0A8F304}.Debug|x86.Build.0 = Debug|Any CPU
		{B2E9ED63-4EE4-4C92-996B-8C6DC0A8F304}.Release|Any CPU.ActiveCfg = Release|Any CPU
		{B2E9ED63-4EE4-4C92-996B-8C6DC0A8F304}.Release|Any CPU.Build.0 = Release|Any CPU
		{B2E9ED63-4EE4-4C92-996B-8C6DC0A8F304}.Release|x64.ActiveCfg = Release|Any CPU
		{B2E9ED63-4EE4-4C92-996B-8C6DC0A8F304}.Release|x64.Build.0 = Release|Any CPU
		{B2E9ED63-4EE4-4C92-996B-8C6DC0A8F304}.Release|x86.ActiveCfg = Release|Any CPU
		{B2E9ED63-4EE4-4C92-996B-8C6DC0A8F304}.Release|x86.Build.0 = Release|Any CPU
		{1D6C978F-EB3B-465D-A64F-902810447FB1}.Debug|Any CPU.ActiveCfg = Debug|Any CPU
		{1D6C978F-EB3B-465D-A64F-902810447FB1}.Debug|Any CPU.Build.0 = Debug|Any CPU
		{1D6C978F-EB3B-465D-A64F-902810447FB1}.Debug|x64.ActiveCfg = Debug|Any CPU
		{1D6C978F-EB3B-465D-A64F-902810447FB1}.Debug|x64.Build.0 = Debug|Any CPU
		{1D6C978F-EB3B-465D-A64F-902810447FB1}.Debug|x86.ActiveCfg = Debug|Any CPU
		{1D6C978F-EB3B-465D-A64F-902810447FB1}.Debug|x86.Build.0 = Debug|Any CPU
		{1D6C978F-EB3B-465D-A64F-902810447FB1}.Release|Any CPU.ActiveCfg = Release|Any CPU
		{1D6C978F-EB3B-465D-A64F-902810447FB1}.Release|Any CPU.Build.0 = Release|Any CPU
		{1D6C978F-EB3B-465D-A64F-902810447FB1}.Release|x64.ActiveCfg = Release|Any CPU
		{1D6C978F-EB3B-465D-A64F-902810447FB1}.Release|x64.Build.0 = Release|Any CPU
		{1D6C978F-EB3B-465D-A64F-902810447FB1}.Release|x86.ActiveCfg = Release|Any CPU
		{1D6C978F-EB3B-465D-A64F-902810447FB1}.Release|x86.Build.0 = Release|Any CPU
	EndGlobalSection
	GlobalSection(NestedProjects) = preSolution
		{9F9A2F96-07E7-48BC-92AA-21074DF3708E} = {62BF8D76-A3C2-4024-8B77-07D66C40BF94}
		{46C70255-74AB-43E3-B38E-FB876B8C0299} = {47907A19-6626-46A4-A254-40C563589D28}
		{6049D6E8-5974-45BA-877C-51C5BEAF14BB} = {25447D5A-B14C-4FE8-9AA9-7D974570DC8A}
		{B2E9ED63-4EE4-4C92-996B-8C6DC0A8F304} = {6049D6E8-5974-45BA-877C-51C5BEAF14BB}
		{1D6C978F-EB3B-465D-A64F-902810447FB1} = {6049D6E8-5974-45BA-877C-51C5BEAF14BB}
	EndGlobalSection
EndGlobal
